
Microsoft Visual Studio Solution File, Format Version 12.00
Project("{FAE04EC0-301F-11D3-BF4B-00C04F79EFBC}") = "4aConsult", "4aConsult.csproj", "{28F882C9-F0EB-46B0-9C59-4E7410B9160F}"
EndProject
Global
	GlobalSection(SolutionConfigurationPlatforms) = preSolution
		Debug|Any CPU = Debug|Any CPU
		Release|Any CPU = Release|Any CPU
	EndGlobalSection
	GlobalSection(ProjectConfigurationPlatforms) = postSolution
		{28F882C9-F0EB-46B0-9C59-4E7410B9160F}.Debug|Any CPU.ActiveCfg = Debug|Any CPU
		{28F882C9-F0EB-46B0-9C59-4E7410B9160F}.Debug|Any CPU.Build.0 = Debug|Any CPU
		{28F882C9-F0EB-46B0-9C59-4E7410B9160F}.Release|Any CPU.ActiveCfg = Release|Any CPU
		{28F882C9-F0EB-46B0-9C59-4E7410B9160F}.Release|Any CPU.Build.0 = Release|Any CPU
	EndGlobalSection
EndGlobal
